-
    classid: '2'
    blockid: '1'
    side: '0'
    weight: '0'
    visible: '1'
-
    classid: '2'
    blockid: '2'
    side: '0'
    weight: '0'
    visible: '1'
-
    classid: '2'
    blockid: '3'
    side: '0'
    weight: '0'
    visible: '1'
-
    classid: '2'
    blockid: '4'
    side: '0'
    weight: '0'
    visible: '1'
-
    classid: '2'
    blockid: '5'
    side: '0'
    weight: '0'
    visible: '1'
-
    classid: '2'
    blockid: '6'
    side: '0'
    weight: '0'
    visible: '1'
-
    classid: '2'
    blockid: '7'
    side: '0'
    weight: '0'
    visible: '1'
-
    classid: '2'
    blockid: '8'
    side: '0'
    weight: '0'
    visible: '1'
-
    classid: '2'
    blockid: '9'
    side: '0'
    weight: '0'
    visible: '1'
-
    classid: '2'
    blockid: '10'
    side: '0'
    weight: '0'
    visible: '1'
-
    classid: '2'
    blockid: '11'
    side: '0'
    weight: '0'
    visible: '1'
-
    classid: '2'
    blockid: '12'
    side: '0'
    weight: '0'
    visible: '1'
