-
    blockid: '1'
    classroomid: '2'
    name: 'Block Textfield'
    blocktypeid: '1'
-
    blockid: '2'
    classroomid: '2'
    name: 'Block LessonPlan'
    blocktypeid: '2'
-
    blockid: '3'
    classroomid: '2'
    name: 'Block Link'
    blocktypeid: '3'
-
    blockid: '4'
    classroomid: '2'
    name: 'Block Classrules'
    blocktypeid: '4'
-
    blockid: '5'
    classroomid: '2'
    name: 'Block Homework'
    blocktypeid: '5'
-
    blockid: '6'
    classroomid: '2'
    name: 'Block Downloads'
    blocktypeid: '6'
-
    blockid: '7'
    classroomid: '2'
    name: 'Block Quote'
    blocktypeid: '7'
-
    blockid: '8'
    classroomid: '2'
    name: 'Block Image'
    blocktypeid: '8'
-
    blockid: '9'
    classroomid: '2'
    name: 'Block RSS'
    blocktypeid: '9'
-
    blockid: '10'
    classroomid: '2'
    name: 'Block Quiz'
    blocktypeid: '10'
-
    blockid: '11'
    classroomid: '2'
    name: 'Block SpellingList'
    blocktypeid: '11'
-
    blockid: '12'
    classroomid: '2'
    name: 'Block Contact'
    blocktypeid: '12'
